
Microsoft Visual Studio Solution File, Format Version 12.00
# Visual Studio Version 16
VisualStudioVersion = 16.0.31613.86
MinimumVisualStudioVersion = 10.0.40219.1
Project("{9A19103F-16F7-4668-BE54-9A1E7A4F7556}") = "BankDotNet.API", "BankDotNet.API\BankDotNet.API.csproj", "{520DDF1A-135C-4B9E-B8A2-4639B41565D9}"
EndProject
Project("{9A19103F-16F7-4668-BE54-9A1E7A4F7556}") = "BankDotNet.IdentityServer", "BankDotNet.IdentityServer\BankDotNet.IdentityServer.csproj", "{8B75A3E5-7509-46EB-9D1A-69A486041AC2}"
EndProject
Project("{9A19103F-16F7-4668-BE54-9A1E7A4F7556}") = "BankOfDotNet.ConsoleClient", "BankOfDotNet.ConsoleClient\BankOfDotNet.ConsoleClient.csproj", "{EAD68853-917F-43BD-8478-C89B78945333}"
EndProject
Project("{FAE04EC0-301F-11D3-BF4B-00C04F79EFBC}") = "BankDotNet.MvcClient", "BankDotNet.MvcClient\BankDotNet.MvcClient.csproj", "{C9B8ABBF-90BC-4D19-9F94-6C6D0C0EDD22}"
EndProject
Global
	GlobalSection(SolutionConfigurationPlatforms) = preSolution
		Debug|Any CPU = Debug|Any CPU
		Release|Any CPU = Release|Any CPU
	EndGlobalSection
	GlobalSection(ProjectConfigurationPlatforms) = postSolution
		{520DDF1A-135C-4B9E-B8A2-4639B41565D9}.Debug|Any CPU.ActiveCfg = Debug|Any CPU
		{520DDF1A-135C-4B9E-B8A2-4639B41565D9}.Debug|Any CPU.Build.0 = Debug|Any CPU
		{520DDF1A-135C-4B9E-B8A2-4639B41565D9}.Release|Any CPU.ActiveCfg = Release|Any CPU
		{520DDF1A-135C-4B9E-B8A2-4639B41565D9}.Release|Any CPU.Build.0 = Release|Any CPU
		{8B75A3E5-7509-46EB-9D1A-69A486041AC2}.Debug|Any CPU.ActiveCfg = Debug|Any CPU
		{8B75A3E5-7509-46EB-9D1A-69A486041AC2}.Debug|Any CPU.Build.0 = Debug|Any CPU
		{8B75A3E5-7509-46EB-9D1A-69A486041AC2}.Release|Any CPU.ActiveCfg = Release|Any CPU
		{8B75A3E5-7509-46EB-9D1A-69A486041AC2}.Release|Any CPU.Build.0 = Release|Any CPU
		{EAD68853-917F-43BD-8478-C89B78945333}.Debug|Any CPU.ActiveCfg = Debug|Any CPU
		{EAD68853-917F-43BD-8478-C89B78945333}.Debug|Any CPU.Build.0 = Debug|Any CPU
		{EAD68853-917F-43BD-8478-C89B78945333}.Release|Any CPU.ActiveCfg = Release|Any CPU
		{EAD68853-917F-43BD-8478-C89B78945333}.Release|Any CPU.Build.0 = Release|Any CPU
		{C9B8ABBF-90BC-4D19-9F94-6C6D0C0EDD22}.Debug|Any CPU.ActiveCfg = Debug|Any CPU
		{C9B8ABBF-90BC-4D19-9F94-6C6D0C0EDD22}.Debug|Any CPU.Build.0 = Debug|Any CPU
		{C9B8ABBF-90BC-4D19-9F94-6C6D0C0EDD22}.Release|Any CPU.ActiveCfg = Release|Any CPU
		{C9B8ABBF-90BC-4D19-9F94-6C6D0C0EDD22}.Release|Any CPU.Build.0 = Release|Any CPU
	EndGlobalSection
	GlobalSection(SolutionProperties) = preSolution
		HideSolutionNode = FALSE
	EndGlobalSection
	GlobalSection(ExtensibilityGlobals) = postSolution
		SolutionGuid = {18F93B27-1C3F-4AB3-9712-294B0D84268B}
	EndGlobalSection
EndGlobal
